
Microsoft Visual Studio Solution File, Format Version 12.00
# Visual Studio 15
VisualStudioVersion = 15.0.28010.2016
MinimumVisualStudioVersion = 10.0.40219.1
Project("{FAE04EC0-301F-11D3-BF4B-00C04F79EFBC}") = "whoffman-1b2", "whoffman-1b2\whoffman-1b2.csproj", "{54B75581-7A0E-4474-A8BF-9958EDFE50A5}"
EndProject
Global
	GlobalSection(SolutionConfigurationPlatforms) = preSolution
		Debug|Any CPU = Debug|Any CPU
		Debug|ARM = Debug|ARM
		Debug|x64 = Debug|x64
		Debug|x86 = Debug|x86
		Release|Any CPU = Release|Any CPU
		Release|ARM = Release|ARM
		Release|x64 = Release|x64
		Release|x86 = Release|x86
	EndGlobalSection
	GlobalSection(ProjectConfigurationPlatforms) = postSolution
		{54B75581-7A0E-4474-A8BF-9958EDFE50A5}.Debug|Any CPU.ActiveCfg = Debug|Any CPU
		{54B75581-7A0E-4474-A8BF-9958EDFE50A5}.Debug|Any CPU.Build.0 = Debug|Any CPU
		{54B75581-7A0E-4474-A8BF-9958EDFE50A5}.Debug|ARM.ActiveCfg = Debug|Any CPU
		{54B75581-7A0E-4474-A8BF-9958EDFE50A5}.Debug|ARM.Build.0 = Debug|Any CPU
		{54B75581-7A0E-4474-A8BF-9958EDFE50A5}.Debug|x64.ActiveCfg = Debug|Any CPU
		{54B75581-7A0E-4474-A8BF-9958EDFE50A5}.Debug|x64.Build.0 = Debug|Any CPU
		{54B75581-7A0E-4474-A8BF-9958EDFE50A5}.Debug|x86.ActiveCfg = Debug|Any CPU
		{54B75581-7A0E-4474-A8BF-9958EDFE50A5}.Debug|x86.Build.0 = Debug|Any CPU
		{54B75581-7A0E-4474-A8BF-9958EDFE50A5}.Release|Any CPU.ActiveCfg = Release|Any CPU
		{54B75581-7A0E-4474-A8BF-9958EDFE50A5}.Release|Any CPU.Build.0 = Release|Any CPU
		{54B75581-7A0E-4474-A8BF-9958EDFE50A5}.Release|ARM.ActiveCfg = Release|Any CPU
		{54B75581-7A0E-4474-A8BF-9958EDFE50A5}.Release|ARM.Build.0 = Release|Any CPU
		{54B75581-7A0E-4474-A8BF-9958EDFE50A5}.Release|x64.ActiveCfg = Release|Any CPU
		{54B75581-7A0E-4474-A8BF-9958EDFE50A5}.Release|x64.Build.0 = Release|Any CPU
		{54B75581-7A0E-4474-A8BF-9958EDFE50A5}.Release|x86.ActiveCfg = Release|Any CPU
		{54B75581-7A0E-4474-A8BF-9958EDFE50A5}.Release|x86.Build.0 = Release|Any CPU
	EndGlobalSection
	GlobalSection(SolutionProperties) = preSolution
		HideSolutionNode = FALSE
	EndGlobalSection
	GlobalSection(ExtensibilityGlobals) = postSolution
		SolutionGuid = {99BE0CD1-403B-4614-9C43-AAEA98F49435}
	EndGlobalSection
EndGlobal
